
Microsoft Visual Studio Solution File, Format Version 12.00
# Visual Studio Version 16
VisualStudioVersion = 16.0.30011.22
MinimumVisualStudioVersion = 10.0.40219.1
Project("{FAE04EC0-301F-11D3-BF4B-00C04F79EFBC}") = "01-ByteBank", "01-ByteBank\01-ByteBank.csproj", "{CE47FD21-8D96-42A9-B095-5B93BE98F68B}"
EndProject
Project("{9A19103F-16F7-4668-BE54-9A1E7A4F7556}") = "02-ByteBank", "02-ByteBank\02-ByteBank.csproj", "{FFC381AC-AC33-41CA-A80A-BDE6A4D5EB37}"
EndProject
Project("{9A19103F-16F7-4668-BE54-9A1E7A4F7556}") = "03-ByteBank", "03-ByteBank\03-ByteBank.csproj", "{41371DFD-665F-4C6B-8E96-D14CB1A35B3A}"
EndProject
Project("{FAE04EC0-301F-11D3-BF4B-00C04F79EFBC}") = "04-ByteBank", "04-ByteBank\04-ByteBank.csproj", "{C0F8A39C-5418-433E-A07D-337C6EC615B7}"
EndProject
Project("{FAE04EC0-301F-11D3-BF4B-00C04F79EFBC}") = "05-ByteBank", "05-ByteBank\05-ByteBank.csproj", "{594E02BA-9FC7-4EB4-8387-A1A3FE14B1F6}"
EndProject
Project("{FAE04EC0-301F-11D3-BF4B-00C04F79EFBC}") = "06-ByteBank", "06-ByteBank\06-ByteBank.csproj", "{21B6A19E-1883-4EB8-BDDB-897C697FE625}"
EndProject
Project("{FAE04EC0-301F-11D3-BF4B-00C04F79EFBC}") = "07-ByteBank", "07-ByteBank\07-ByteBank.csproj", "{AEF8A3CD-F82C-463E-AAE4-ACD233CD2859}"
EndProject
Global
	GlobalSection(SolutionConfigurationPlatforms) = preSolution
		Debug|Any CPU = Debug|Any CPU
		Release|Any CPU = Release|Any CPU
	EndGlobalSection
	GlobalSection(ProjectConfigurationPlatforms) = postSolution
		{CE47FD21-8D96-42A9-B095-5B93BE98F68B}.Debug|Any CPU.ActiveCfg = Debug|Any CPU
		{CE47FD21-8D96-42A9-B095-5B93BE98F68B}.Debug|Any CPU.Build.0 = Debug|Any CPU
		{CE47FD21-8D96-42A9-B095-5B93BE98F68B}.Release|Any CPU.ActiveCfg = Release|Any CPU
		{CE47FD21-8D96-42A9-B095-5B93BE98F68B}.Release|Any CPU.Build.0 = Release|Any CPU
		{FFC381AC-AC33-41CA-A80A-BDE6A4D5EB37}.Debug|Any CPU.ActiveCfg = Debug|Any CPU
		{FFC381AC-AC33-41CA-A80A-BDE6A4D5EB37}.Debug|Any CPU.Build.0 = Debug|Any CPU
		{FFC381AC-AC33-41CA-A80A-BDE6A4D5EB37}.Release|Any CPU.ActiveCfg = Release|Any CPU
		{FFC381AC-AC33-41CA-A80A-BDE6A4D5EB37}.Release|Any CPU.Build.0 = Release|Any CPU
		{41371DFD-665F-4C6B-8E96-D14CB1A35B3A}.Debug|Any CPU.ActiveCfg = Debug|Any CPU
		{41371DFD-665F-4C6B-8E96-D14CB1A35B3A}.Debug|Any CPU.Build.0 = Debug|Any CPU
		{41371DFD-665F-4C6B-8E96-D14CB1A35B3A}.Release|Any CPU.ActiveCfg = Release|Any CPU
		{41371DFD-665F-4C6B-8E96-D14CB1A35B3A}.Release|Any CPU.Build.0 = Release|Any CPU
		{C0F8A39C-5418-433E-A07D-337C6EC615B7}.Debug|Any CPU.ActiveCfg = Debug|Any CPU
		{C0F8A39C-5418-433E-A07D-337C6EC615B7}.Debug|Any CPU.Build.0 = Debug|Any CPU
		{C0F8A39C-5418-433E-A07D-337C6EC615B7}.Release|Any CPU.ActiveCfg = Release|Any CPU
		{C0F8A39C-5418-433E-A07D-337C6EC615B7}.Release|Any CPU.Build.0 = Release|Any CPU
		{594E02BA-9FC7-4EB4-8387-A1A3FE14B1F6}.Debug|Any CPU.ActiveCfg = Debug|Any CPU
		{594E02BA-9FC7-4EB4-8387-A1A3FE14B1F6}.Debug|Any CPU.Build.0 = Debug|Any CPU
		{594E02BA-9FC7-4EB4-8387-A1A3FE14B1F6}.Release|Any CPU.ActiveCfg = Release|Any CPU
		{594E02BA-9FC7-4EB4-8387-A1A3FE14B1F6}.Release|Any CPU.Build.0 = Release|Any CPU
		{21B6A19E-1883-4EB8-BDDB-897C697FE625}.Debug|Any CPU.ActiveCfg = Debug|Any CPU
		{21B6A19E-1883-4EB8-BDDB-897C697FE625}.Debug|Any CPU.Build.0 = Debug|Any CPU
		{21B6A19E-1883-4EB8-BDDB-897C697FE625}.Release|Any CPU.ActiveCfg = Release|Any CPU
		{21B6A19E-1883-4EB8-BDDB-897C697FE625}.Release|Any CPU.Build.0 = Release|Any CPU
		{AEF8A3CD-F82C-463E-AAE4-ACD233CD2859}.Debug|Any CPU.ActiveCfg = Debug|Any CPU
		{AEF8A3CD-F82C-463E-AAE4-ACD233CD2859}.Debug|Any CPU.Build.0 = Debug|Any CPU
		{AEF8A3CD-F82C-463E-AAE4-ACD233CD2859}.Release|Any CPU.ActiveCfg = Release|Any CPU
		{AEF8A3CD-F82C-463E-AAE4-ACD233CD2859}.Release|Any CPU.Build.0 = Release|Any CPU
	EndGlobalSection
	GlobalSection(SolutionProperties) = preSolution
		HideSolutionNode = FALSE
	EndGlobalSection
	GlobalSection(ExtensibilityGlobals) = postSolution
		SolutionGuid = {CCD06463-6986-4AA5-9031-EE000C30782F}
	EndGlobalSection
EndGlobal
