
Microsoft Visual Studio Solution File, Format Version 12.00
# Visual Studio Version 16
VisualStudioVersion = 16.0.31005.135
MinimumVisualStudioVersion = 10.0.40219.1
Project("{2150E333-8FDC-42A3-9474-1A3956D46DE8}") = "1 - Frontend", "1 - Frontend", "{AAC33208-799F-4A12-8535-FEFDCC0EF96E}"
EndProject
Project("{2150E333-8FDC-42A3-9474-1A3956D46DE8}") = "2 - Backend", "2 - Backend", "{B3A51272-7150-4226-B98F-176A0C542A7A}"
EndProject
Project("{FAE04EC0-301F-11D3-BF4B-00C04F79EFBC}") = "SistemaVerificador", "SistemaVerificador\SistemaVerificador.csproj", "{C50FEE84-6F69-49F0-B24F-7372E6B8A7C0}"
EndProject
Global
	GlobalSection(SolutionConfigurationPlatforms) = preSolution
		Debug|Any CPU = Debug|Any CPU
		Release|Any CPU = Release|Any CPU
	EndGlobalSection
	GlobalSection(ProjectConfigurationPlatforms) = postSolution
		{C50FEE84-6F69-49F0-B24F-7372E6B8A7C0}.Debug|Any CPU.ActiveCfg = Debug|Any CPU
		{C50FEE84-6F69-49F0-B24F-7372E6B8A7C0}.Debug|Any CPU.Build.0 = Debug|Any CPU
		{C50FEE84-6F69-49F0-B24F-7372E6B8A7C0}.Release|Any CPU.ActiveCfg = Release|Any CPU
		{C50FEE84-6F69-49F0-B24F-7372E6B8A7C0}.Release|Any CPU.Build.0 = Release|Any CPU
	EndGlobalSection
	GlobalSection(SolutionProperties) = preSolution
		HideSolutionNode = FALSE
	EndGlobalSection
	GlobalSection(NestedProjects) = preSolution
		{C50FEE84-6F69-49F0-B24F-7372E6B8A7C0} = {AAC33208-799F-4A12-8535-FEFDCC0EF96E}
	EndGlobalSection
	GlobalSection(ExtensibilityGlobals) = postSolution
		SolutionGuid = {EDA6A7E7-E985-4758-B969-D528F05EF51D}
	EndGlobalSection
EndGlobal
