
Microsoft Visual Studio Solution File, Format Version 12.00
# Visual Studio Version 16
VisualStudioVersion = 16.0.30804.86
MinimumVisualStudioVersion = 10.0.40219.1
Project("{9A19103F-16F7-4668-BE54-9A1E7A4F7556}") = "1 - ValueRef", "1 - ValueRef\1 - ValueRef.csproj", "{A49217C7-3093-4FCB-A07A-35732AD75A62}"
EndProject
Project("{9A19103F-16F7-4668-BE54-9A1E7A4F7556}") = "2 - ValueRef", "2 - ValueRef\2 - ValueRef.csproj", "{9FB3DA73-2E2D-41FC-BDDB-14DA0289E56C}"
EndProject
Project("{9A19103F-16F7-4668-BE54-9A1E7A4F7556}") = "3 - EstruturasCSharp", "3 - EstruturasCSharp\3 - EstruturasCSharp.csproj", "{683F3E0B-F629-45AD-9ABB-63C491F90828}"
EndProject
Project("{9A19103F-16F7-4668-BE54-9A1E7A4F7556}") = "4 - Construtores", "4 - Construtores\4 - Construtores.csproj", "{A4A6A824-F449-4DF8-BA7E-0B75BF2EBB41}"
EndProject
Project("{9A19103F-16F7-4668-BE54-9A1E7A4F7556}") = "5 - GetSet", "GetSet\5 - GetSet.csproj", "{583A3353-998F-4400-A6A8-58A317B3489B}"
EndProject
Project("{9A19103F-16F7-4668-BE54-9A1E7A4F7556}") = "6 - Propriedades", "6 - Propriedades\6 - Propriedades.csproj", "{73550CB6-DDC5-430D-A57A-9A78D053DDBC}"
EndProject
Project("{FAE04EC0-301F-11D3-BF4B-00C04F79EFBC}") = "7 - PropriedadesAutomaticas", "7 - PropriedadesAutomaticas\7 - PropriedadesAutomaticas.csproj", "{F8D868E0-E8D6-435E-AEC2-5956CA2DD046}"
EndProject
Project("{FAE04EC0-301F-11D3-BF4B-00C04F79EFBC}") = "8 - ObjectsInitializers", "8 - ObjectsInitializers\8 - ObjectsInitializers.csproj", "{F04B9C02-E010-413F-82BE-E30E4FED1197}"
EndProject
Global
	GlobalSection(SolutionConfigurationPlatforms) = preSolution
		Debug|Any CPU = Debug|Any CPU
		Release|Any CPU = Release|Any CPU
	EndGlobalSection
	GlobalSection(ProjectConfigurationPlatforms) = postSolution
		{A49217C7-3093-4FCB-A07A-35732AD75A62}.Debug|Any CPU.ActiveCfg = Debug|Any CPU
		{A49217C7-3093-4FCB-A07A-35732AD75A62}.Debug|Any CPU.Build.0 = Debug|Any CPU
		{A49217C7-3093-4FCB-A07A-35732AD75A62}.Release|Any CPU.ActiveCfg = Release|Any CPU
		{A49217C7-3093-4FCB-A07A-35732AD75A62}.Release|Any CPU.Build.0 = Release|Any CPU
		{9FB3DA73-2E2D-41FC-BDDB-14DA0289E56C}.Debug|Any CPU.ActiveCfg = Debug|Any CPU
		{9FB3DA73-2E2D-41FC-BDDB-14DA0289E56C}.Debug|Any CPU.Build.0 = Debug|Any CPU
		{9FB3DA73-2E2D-41FC-BDDB-14DA0289E56C}.Release|Any CPU.ActiveCfg = Release|Any CPU
		{9FB3DA73-2E2D-41FC-BDDB-14DA0289E56C}.Release|Any CPU.Build.0 = Release|Any CPU
		{683F3E0B-F629-45AD-9ABB-63C491F90828}.Debug|Any CPU.ActiveCfg = Debug|Any CPU
		{683F3E0B-F629-45AD-9ABB-63C491F90828}.Debug|Any CPU.Build.0 = Debug|Any CPU
		{683F3E0B-F629-45AD-9ABB-63C491F90828}.Release|Any CPU.ActiveCfg = Release|Any CPU
		{683F3E0B-F629-45AD-9ABB-63C491F90828}.Release|Any CPU.Build.0 = Release|Any CPU
		{A4A6A824-F449-4DF8-BA7E-0B75BF2EBB41}.Debug|Any CPU.ActiveCfg = Debug|Any CPU
		{A4A6A824-F449-4DF8-BA7E-0B75BF2EBB41}.Debug|Any CPU.Build.0 = Debug|Any CPU
		{A4A6A824-F449-4DF8-BA7E-0B75BF2EBB41}.Release|Any CPU.ActiveCfg = Release|Any CPU
		{A4A6A824-F449-4DF8-BA7E-0B75BF2EBB41}.Release|Any CPU.Build.0 = Release|Any CPU
		{583A3353-998F-4400-A6A8-58A317B3489B}.Debug|Any CPU.ActiveCfg = Debug|Any CPU
		{583A3353-998F-4400-A6A8-58A317B3489B}.Debug|Any CPU.Build.0 = Debug|Any CPU
		{583A3353-998F-4400-A6A8-58A317B3489B}.Release|Any CPU.ActiveCfg = Release|Any CPU
		{583A3353-998F-4400-A6A8-58A317B3489B}.Release|Any CPU.Build.0 = Release|Any CPU
		{73550CB6-DDC5-430D-A57A-9A78D053DDBC}.Debug|Any CPU.ActiveCfg = Debug|Any CPU
		{73550CB6-DDC5-430D-A57A-9A78D053DDBC}.Debug|Any CPU.Build.0 = Debug|Any CPU
		{73550CB6-DDC5-430D-A57A-9A78D053DDBC}.Release|Any CPU.ActiveCfg = Release|Any CPU
		{73550CB6-DDC5-430D-A57A-9A78D053DDBC}.Release|Any CPU.Build.0 = Release|Any CPU
		{F8D868E0-E8D6-435E-AEC2-5956CA2DD046}.Debug|Any CPU.ActiveCfg = Debug|Any CPU
		{F8D868E0-E8D6-435E-AEC2-5956CA2DD046}.Debug|Any CPU.Build.0 = Debug|Any CPU
		{F8D868E0-E8D6-435E-AEC2-5956CA2DD046}.Release|Any CPU.ActiveCfg = Release|Any CPU
		{F8D868E0-E8D6-435E-AEC2-5956CA2DD046}.Release|Any CPU.Build.0 = Release|Any CPU
		{F04B9C02-E010-413F-82BE-E30E4FED1197}.Debug|Any CPU.ActiveCfg = Debug|Any CPU
		{F04B9C02-E010-413F-82BE-E30E4FED1197}.Debug|Any CPU.Build.0 = Debug|Any CPU
		{F04B9C02-E010-413F-82BE-E30E4FED1197}.Release|Any CPU.ActiveCfg = Release|Any CPU
		{F04B9C02-E010-413F-82BE-E30E4FED1197}.Release|Any CPU.Build.0 = Release|Any CPU
	EndGlobalSection
	GlobalSection(SolutionProperties) = preSolution
		HideSolutionNode = FALSE
	EndGlobalSection
	GlobalSection(ExtensibilityGlobals) = postSolution
		SolutionGuid = {0E9D239C-3523-46E3-9BA5-56F9A4326B69}
	EndGlobalSection
EndGlobal
